
Microsoft Visual Studio Solution File, Format Version 11.00
# Visual Studio 2010
Project("{FAE04EC0-301F-11D3-BF4B-00C04F79EFBC}") = "PingTracer", "PingTracer\PingTracer.csproj", "{1AA0E57A-B616-4BAD-8440-78A1E07229E8}"
EndProject
Project("{2150E333-8FDC-42A3-9474-1A3956D46DE8}") = ".nuget", ".nuget", "{76542D92-A9E4-4E7A-B35D-ACDE860A3491}"
	ProjectSection(SolutionItems) = preProject
		.nuget\NuGet.Config = .nuget\NuGet.Config
		.nuget\NuGet.exe = .nuget\NuGet.exe
		.nuget\NuGet.targets = .nuget\NuGet.targets
	EndProjectSection
EndProject
Global
	GlobalSection(SolutionConfigurationPlatforms) = preSolution
		Debug|x86 = Debug|x86
		Release|x86 = Release|x86
	EndGlobalSection
	GlobalSection(ProjectConfigurationPlatforms) = postSolution
		{1AA0E57A-B616-4BAD-8440-78A1E07229E8}.Debug|x86.ActiveCfg = Debug|x86
		{1AA0E57A-B616-4BAD-8440-78A1E07229E8}.Debug|x86.Build.0 = Debug|x86
		{1AA0E57A-B616-4BAD-8440-78A1E07229E8}.Release|x86.ActiveCfg = Release|x86
		{1AA0E57A-B616-4BAD-8440-78A1E07229E8}.Release|x86.Build.0 = Release|x86
	EndGlobalSection
	GlobalSection(SolutionProperties) = preSolution
		HideSolutionNode = FALSE
	EndGlobalSection
EndGlobal
